
Microsoft Visual Studio Solution File, Format Version 12.00
# Visual Studio Version 16
VisualStudioVersion = 16.0.32510.428
MinimumVisualStudioVersion = 10.0.40219.1
Project("{9A19103F-16F7-4668-BE54-9A1E7A4F7556}") = "apidotnetwiwthdapper", "apidotnetwiwthdapper.csproj", "{7EA04A26-9C7C-4FC9-9343-EE467FE8A283}"
EndProject
Global
	GlobalSection(SolutionConfigurationPlatforms) = preSolution
		Debug|Any CPU = Debug|Any CPU
		Release|Any CPU = Release|Any CPU
	EndGlobalSection
	GlobalSection(ProjectConfigurationPlatforms) = postSolution
		{7EA04A26-9C7C-4FC9-9343-EE467FE8A283}.Debug|Any CPU.ActiveCfg = Debug|Any CPU
		{7EA04A26-9C7C-4FC9-9343-EE467FE8A283}.Debug|Any CPU.Build.0 = Debug|Any CPU
		{7EA04A26-9C7C-4FC9-9343-EE467FE8A283}.Release|Any CPU.ActiveCfg = Release|Any CPU
		{7EA04A26-9C7C-4FC9-9343-EE467FE8A283}.Release|Any CPU.Build.0 = Release|Any CPU
	EndGlobalSection
	GlobalSection(SolutionProperties) = preSolution
		HideSolutionNode = FALSE
	EndGlobalSection
	GlobalSection(ExtensibilityGlobals) = postSolution
		SolutionGuid = {DC05E98A-C416-4712-B1D1-3857A71D6832}
	EndGlobalSection
EndGlobal
